// !$*UTF8*$!
{
	archiveVersion = 1;
	classes = {
	};
	objectVersion = 55;
	objects = {

/* Begin PBXBuildFile section */
		0C7B09A12795B42900B72D89 /* MLApp.swift in Sources */ = {isa = PBXBuildFile; fileRef = 0C7B09A02795B42900B72D89 /* MLApp.swift */; };
		0C7B09A32795B42900B72D89 /* ContentView.swift in Sources */ = {isa = PBXBuildFile; fileRef = 0C7B09A22795B42900B72D89 /* ContentView.swift */; };
		0C7B09A52795B45D00B72D89 /* Assets.xcassets in Resources */ = {isa = PBXBuildFile; fileRef = 0C7B09A42795B45D00B72D89 /* Assets.xcassets */; };
		0C7B09A82795B45D00B72D89 /* Preview Assets.xcassets in Resources */ = {isa = PBXBuildFile; fileRef = 0C7B09A72795B45D00B72D89 /* Preview Assets.xcassets */; };
		0C7B09B22795B45D00B72D89 /* MLTests.swift in Sources */ = {isa = PBXBuildFile; fileRef = 0C7B09B12795B45D00B72D89 /* MLTests.swift */; };
		0C7B09BC2795B45D00B72D89 /* MLUITests.swift in Sources */ = {isa = PBXBuildFile; fileRef = 0C7B09BB2795B45D00B72D89 /* MLUITests.swift */; };
		0C7B09BE2795B45D00B72D89 /* MLUITestsLaunchTests.swift in Sources */ = {isa = PBXBuildFile; fileRef = 0C7B09BD2795B45D00B72D89 /* MLUITestsLaunchTests.swift */; };
		0C7B09CD2795E2A000B72D89 /* ImageML.mlmodel in Sources */ = {isa = PBXBuildFile; fileRef = 0C7B09CC2795E2A000B72D89 /* ImageML.mlmodel */; };
		0C7B09CF2795E8F200B72D89 /* ImagePicker.swift in Sources */ = {isa = PBXBuildFile; fileRef = 0C7B09CE2795E8F200B72D89 /* ImagePicker.swift */; };
/* End PBXBuildFile section */

/* Begin PBXContainerItemProxy section */
		0C7B09AE2795B45D00B72D89 /* PBXContainerItemProxy */ = {
			isa = PBXContainerItemProxy;
			containerPortal = 0C7B09952795B42800B72D89 /* Project object */;
			proxyType = 1;
			remoteGlobalIDString = 0C7B099C2795B42800B72D89;
			remoteInfo = ML;
		};
		0C7B09B82795B45D00B72D89 /* PBXContainerItemProxy */ = {
			isa = PBXContainerItemProxy;
			containerPortal = 0C7B09952795B42800B72D89 /* Project object */;
			proxyType = 1;
			remoteGlobalIDString = 0C7B099C2795B42800B72D89;
			remoteInfo = ML;
		};
/* End PBXContainerItemProxy section */

/* Begin PBXFileReference section */
		0C7B099D2795B42800B72D89 /* ML.app */ = {isa = PBXFileReference; explicitFileType = wrapper.application; includeInIndex = 0; path = ML.app; sourceTree = BUILT_PRODUCTS_DIR; };
		0C7B09A02795B42900B72D89 /* MLApp.swift */ = {isa = PBXFileReference; lastKnownFileType = sourcecode.swift; path = MLApp.swift; sourceTree = "<group>"; };
		0C7B09A22795B42900B72D89 /* ContentView.swift */ = {isa = PBXFileReference; lastKnownFileType = sourcecode.swift; path = ContentView.swift; sourceTree = "<group>"; };
		0C7B09A42795B45D00B72D89 /* Assets.xcassets */ = {isa = PBXFileReference; lastKnownFileType = folder.assetcatalog; path = Assets.xcassets; sourceTree = "<group>"; };
		0C7B09A72795B45D00B72D89 /* Preview Assets.xcassets */ = {isa = PBXFileReference; lastKnownFileType = folder.assetcatalog; path = "Preview Assets.xcassets"; sourceTree = "<group>"; };
		0C7B09AD2795B45D00B72D89 /* MLTests.xctest */ = {isa = PBXFileReference; explicitFileType = wrapper.cfbundle; includeInIndex = 0; path = MLTests.xctest; sourceTree = BUILT_PRODUCTS_DIR; };
		0C7B09B12795B45D00B72D89 /* MLTests.swift */ = {isa = PBXFileReference; lastKnownFileType = sourcecode.swift; path = MLTests.swift; sourceTree = "<group>"; };
		0C7B09B72795B45D00B72D89 /* MLUITests.xctest */ = {isa = PBXFileReference; explicitFileType = wrapper.cfbundle; includeInIndex = 0; path = MLUITests.xctest; sourceTree = BUILT_PRODUCTS_DIR; };
		0C7B09BB2795B45D00B72D89 /* MLUITests.swift */ = {isa = PBXFileReference; lastKnownFileType = sourcecode.swift; path = MLUITests.swift; sourceTree = "<group>"; };
		0C7B09BD2795B45D00B72D89 /* MLUITestsLaunchTests.swift */ = {isa = PBXFileReference; lastKnownFileType = sourcecode.swift; path = MLUITestsLaunchTests.swift; sourceTree = "<group>"; };
		0C7B09CC2795E2A000B72D89 /* ImageML.mlmodel */ = {isa = PBXFileReference; lastKnownFileType = file.mlmodel; path = ImageML.mlmodel; sourceTree = "<group>"; };
		0C7B09CE2795E8F200B72D89 /* ImagePicker.swift */ = {isa = PBXFileReference; fileEncoding = 4; lastKnownFileType = sourcecode.swift; path = ImagePicker.swift; sourceTree = "<group>"; };
/* End PBXFileReference section */

/* Begin PBXFrameworksBuildPhase section */
		0C7B099A2795B42800B72D89 /* Frameworks */ = {
			isa = PBXFrameworksBuildPhase;
			buildActionMask = 2147483647;
			files = (
			);
			runOnlyForDeploymentPostprocessing = 0;
		};
		0C7B09AA2795B45D00B72D89 /* Frameworks */ = {
			isa = PBXFrameworksBuildPhase;
			buildActionMask = 2147483647;
			files = (
			);
			runOnlyForDeploymentPostprocessing = 0;
		};
		0C7B09B42795B45D00B72D89 /* Frameworks */ = {
			isa = PBXFrameworksBuildPhase;
			buildActionMask = 2147483647;
			files = (
			);
			runOnlyForDeploymentPostprocessing = 0;
		};
/* End PBXFrameworksBuildPhase section */

/* Begin PBXGroup section */
		0C7B09942795B42800B72D89 = {
			isa = PBXGroup;
			children = (
				0C7B099F2795B42800B72D89 /* ML */,
				0C7B09B02795B45D00B72D89 /* MLTests */,
				0C7B09BA2795B45D00B72D89 /* MLUITests */,
				0C7B099E2795B42800B72D89 /* Products */,
			);
			sourceTree = "<group>";
		};
		0C7B099E2795B42800B72D89 /* Products */ = {
			isa = PBXGroup;
			children = (
				0C7B099D2795B42800B72D89 /* ML.app */,
				0C7B09AD2795B45D00B72D89 /* MLTests.xctest */,
				0C7B09B72795B45D00B72D89 /* MLUITests.xctest */,
			);
			name = Products;
			sourceTree = "<group>";
		};
		0C7B099F2795B42800B72D89 /* ML */ = {
			isa = PBXGroup;
			children = (
				0C7B09A02795B42900B72D89 /* MLApp.swift */,
				0C7B09A22795B42900B72D89 /* ContentView.swift */,
				0C7B09CE2795E8F200B72D89 /* ImagePicker.swift */,
				0C7B09CC2795E2A000B72D89 /* ImageML.mlmodel */,
				0C7B09A42795B45D00B72D89 /* Assets.xcassets */,
				0C7B09A62795B45D00B72D89 /* Preview Content */,
			);
			path = ML;
			sourceTree = "<group>";
		};
		0C7B09A62795B45D00B72D89 /* Preview Content */ = {
			isa = PBXGroup;
			children = (
				0C7B09A72795B45D00B72D89 /* Preview Assets.xcassets */,
			);
			path = "Preview Content";
			sourceTree = "<group>";
		};
		0C7B09B02795B45D00B72D89 /* MLTests */ = {
			isa = PBXGroup;
			children = (
				0C7B09B12795B45D00B72D89 /* MLTests.swift */,
			);
			path = MLTests;
			sourceTree = "<group>";
		};
		0C7B09BA2795B45D00B72D89 /* MLUITests */ = {
			isa = PBXGroup;
			children = (
				0C7B09BB2795B45D00B72D89 /* MLUITests.swift */,
				0C7B09BD2795B45D00B72D89 /* MLUITestsLaunchTests.swift */,
			);
			path = MLUITests;
			sourceTree = "<group>";
		};
/* End PBXGroup section */

/* Begin PBXNativeTarget section */
		0C7B099C2795B42800B72D89 /* ML */ = {
			isa = PBXNativeTarget;
			buildConfigurationList = 0C7B09C12795B45D00B72D89 /* Build configuration list for PBXNativeTarget "ML" */;
			buildPhases = (
				0C7B09992795B42800B72D89 /* Sources */,
				0C7B099A2795B42800B72D89 /* Frameworks */,
				0C7B099B2795B42800B72D89 /* Resources */,
			);
			buildRules = (
			);
			dependencies = (
			);
			name = ML;
			productName = ML;
			productReference = 0C7B099D2795B42800B72D89 /* ML.app */;
			productType = "com.apple.product-type.application";
		};
		0C7B09AC2795B45D00B72D89 /* MLTests */ = {
			isa = PBXNativeTarget;
			buildConfigurationList = 0C7B09C42795B45D00B72D89 /* Build configuration list for PBXNativeTarget "MLTests" */;
			buildPhases = (
				0C7B09A92795B45D00B72D89 /* Sources */,
				0C7B09AA2795B45D00B72D89 /* Frameworks */,
				0C7B09AB2795B45D00B72D89 /* Resources */,
			);
			buildRules = (
			);
			dependencies = (
				0C7B09AF2795B45D00B72D89 /* PBXTargetDependency */,
			);
			name = MLTests;
			productName = MLTests;
			productReference = 0C7B09AD2795B45D00B72D89 /* MLTests.xctest */;
			productType = "com.apple.product-type.bundle.unit-test";
		};
		0C7B09B62795B45D00B72D89 /* MLUITests */ = {
			isa = PBXNativeTarget;
			buildConfigurationList = 0C7B09C72795B45D00B72D89 /* Build configuration list for PBXNativeTarget "MLUITests" */;
			buildPhases = (
				0C7B09B32795B45D00B72D89 /* Sources */,
				0C7B09B42795B45D00B72D89 /* Frameworks */,
				0C7B09B52795B45D00B72D89 /* Resources */,
			);
			buildRules = (
			);
			dependencies = (
				0C7B09B92795B45D00B72D89 /* PBXTargetDependency */,
			);
			name = MLUITests;
			productName = MLUITests;
			productReference = 0C7B09B72795B45D00B72D89 /* MLUITests.xctest */;
			productType = "com.apple.product-type.bundle.ui-testing";
		};
/* End PBXNativeTarget section */

/* Begin PBXProject section */
		0C7B09952795B42800B72D89 /* Project object */ = {
			isa = PBXProject;
			attributes = {
				BuildIndependentTargetsInParallel = 1;
				LastSwiftUpdateCheck = 1320;
				LastUpgradeCheck = 1320;
				TargetAttributes = {
					0C7B099C2795B42800B72D89 = {
						CreatedOnToolsVersion = 13.2.1;
					};
					0C7B09AC2795B45D00B72D89 = {
						CreatedOnToolsVersion = 13.2.1;
						TestTargetID = 0C7B099C2795B42800B72D89;
					};
					0C7B09B62795B45D00B72D89 = {
						CreatedOnToolsVersion = 13.2.1;
						TestTargetID = 0C7B099C2795B42800B72D89;
					};
				};
			};
			buildConfigurationList = 0C7B09982795B42800B72D89 /* Build configuration list for PBXProject "ML" */;
			compatibilityVersion = "Xcode 13.0";
			developmentRegion = en;
			hasScannedForEncodings = 0;
			knownRegions = (
				en,
				Base,
			);
			mainGroup = 0C7B09942795B42800B72D89;
			productRefGroup = 0C7B099E2795B42800B72D89 /* Products */;
			projectDirPath = "";
			projectRoot = "";
			targets = (
				0C7B099C2795B42800B72D89 /* ML */,
				0C7B09AC2795B45D00B72D89 /* MLTests */,
				0C7B09B62795B45D00B72D89 /* MLUITests */,
			);
		};
/* End PBXProject section */

/* Begin PBXResourcesBuildPhase section */
		0C7B099B2795B42800B72D89 /* Resources */ = {
			isa = PBXResourcesBuildPhase;
			buildActionMask = 2147483647;
			files = (
				0C7B09A82795B45D00B72D89 /* Preview Assets.xcassets in Resources */,
				0C7B09A52795B45D00B72D89 /* Assets.xcassets in Resources */,
			);
			runOnlyForDeploymentPostprocessing = 0;
		};
		0C7B09AB2795B45D00B72D89 /* Resources */ = {
			isa = PBXResourcesBuildPhase;
			buildActionMask = 2147483647;
			files = (
			);
			runOnlyForDeploymentPostprocessing = 0;
		};
		0C7B09B52795B45D00B72D89 /* Resources */ = {
			isa = PBXResourcesBuildPhase;
			buildActionMask = 2147483647;
			files = (
			);
			runOnlyForDeploymentPostprocessing = 0;
		};
/* End PBXResourcesBuildPhase section */

/* Begin PBXSourcesBuildPhase section */
		0C7B09992795B42800B72D89 /* Sources */ = {
			isa = PBXSourcesBuildPhase;
			buildActionMask = 2147483647;
			files = (
				0C7B09CD2795E2A000B72D89 /* ImageML.mlmodel in Sources */,
				0C7B09A32795B42900B72D89 /* ContentView.swift in Sources */,
				0C7B09A12795B42900B72D89 /* MLApp.swift in Sources */,
				0C7B09CF2795E8F200B72D89 /* ImagePicker.swift in Sources */,
			);
			runOnlyForDeploymentPostprocessing = 0;
		};
		0C7B09A92795B45D00B72D89 /* Sources */ = {
			isa = PBXSourcesBuildPhase;
			buildActionMask = 2147483647;
			files = (
				0C7B09B22795B45D00B72D89 /* MLTests.swift in Sources */,
			);
			runOnlyForDeploymentPostprocessing = 0;
		};
		0C7B09B32795B45D00B72D89 /* Sources */ = {
			isa = PBXSourcesBuildPhase;
			buildActionMask = 2147483647;
			files = (
				0C7B09BC2795B45D00B72D89 /* MLUITests.swift in Sources */,
				0C7B09BE2795B45D00B72D89 /* MLUITestsLaunchTests.swift in Sources */,
			);
			runOnlyForDeploymentPostprocessing = 0;
		};
/* End PBXSourcesBuildPhase section */

/* Begin PBXTargetDependency section */
		0C7B09AF2795B45D00B72D89 /* PBXTargetDependency */ = {
			isa = PBXTargetDependency;
			target = 0C7B099C2795B42800B72D89 /* ML */;
			targetProxy = 0C7B09AE2795B45D00B72D89 /* PBXContainerItemProxy */;
		};
		0C7B09B92795B45D00B72D89 /* PBXTargetDependency */ = {
			isa = PBXTargetDependency;
			target = 0C7B099C2795B42800B72D89 /* ML */;
			targetProxy = 0C7B09B82795B45D00B72D89 /* PBXContainerItemProxy */;
		};
/* End PBXTargetDependency section */

/* Begin XCBuildConfiguration section */
		0C7B09BF2795B45D00B72D89 /* Debug */ = {
			isa = XCBuildConfiguration;
			buildSettings = {
				ALWAYS_SEARCH_USER_PATHS = NO;
				CLANG_ANALYZER_NONNULL = YES;
				CLANG_ANALYZER_NUMBER_OBJECT_CONVERSION = YES_AGGRESSIVE;
				CLANG_CXX_LANGUAGE_STANDARD = "gnu++17";
				CLANG_CXX_LIBRARY = "libc++";
				CLANG_ENABLE_MODULES = YES;
				CLANG_ENABLE_OBJC_ARC = YES;
				CLANG_ENABLE_OBJC_WEAK = YES;
				CLANG_WARN_BLOCK_CAPTURE_AUTORELEASING = YES;
				CLANG_WARN_BOOL_CONVERSION = YES;
				CLANG_WARN_COMMA = YES;
				CLANG_WARN_CONSTANT_CONVERSION = YES;
				CLANG_WARN_DEPRECATED_OBJC_IMPLEMENTATIONS = YES;
				CLANG_WARN_DIRECT_OBJC_ISA_USAGE = YES_ERROR;
				CLANG_WARN_DOCUMENTATION_COMMENTS = YES;
				CLANG_WARN_EMPTY_BODY = YES;
				CLANG_WARN_ENUM_CONVERSION = YES;
				CLANG_WARN_INFINITE_RECURSION = YES;
				CLANG_WARN_INT_CONVERSION = YES;
				CLANG_WARN_NON_LITERAL_NULL_CONVERSION = YES;
				CLANG_WARN_OBJC_IMPLICIT_RETAIN_SELF = YES;
				CLANG_WARN_OBJC_LITERAL_CONVERSION = YES;
				CLANG_WARN_OBJC_ROOT_CLASS = YES_ERROR;
				CLANG_WARN_QUOTED_INCLUDE_IN_FRAMEWORK_HEADER = YES;
				CLANG_WARN_RANGE_LOOP_ANALYSIS = YES;
				CLANG_WARN_STRICT_PROTOTYPES = YES;
				CLANG_WARN_SUSPICIOUS_MOVE = YES;
				CLANG_WARN_UNGUARDED_AVAILABILITY = YES_AGGRESSIVE;
				CLANG_WARN_UNREACHABLE_CODE = YES;
				CLANG_WARN__DUPLICATE_METHOD_MATCH = YES;
				COPY_PHASE_STRIP = NO;
				DEBUG_INFORMATION_FORMAT = dwarf;
				ENABLE_STRICT_OBJC_MSGSEND = YES;
				ENABLE_TESTABILITY = YES;
				GCC_C_LANGUAGE_STANDARD = gnu11;
				GCC_DYNAMIC_NO_PIC = NO;
				GCC_NO_COMMON_BLOCKS = YES;
				GCC_OPTIMIZATION_LEVEL = 0;
				GCC_PREPROCESSOR_DEFINITIONS = (
					"DEBUG=1",
					"$(inherited)",
				);
				GCC_WARN_64_TO_32_BIT_CONVERSION = YES;
				GCC_WARN_ABOUT_RETURN_TYPE = YES_ERROR;
				GCC_WARN_UNDECLARED_SELECTOR = YES;
				GCC_WARN_UNINITIALIZED_AUTOS = YES_AGGRESSIVE;
				GCC_WARN_UNUSED_FUNCTION = YES;
				GCC_WARN_UNUSED_VARIABLE = YES;
				IPHONEOS_DEPLOYMENT_TARGET = 15.2;
				MTL_ENABLE_DEBUG_INFO = INCLUDE_SOURCE;
				MTL_FAST_MATH = YES;
				ONLY_ACTIVE_ARCH = YES;
				SDKROOT = iphoneos;
				SWIFT_ACTIVE_COMPILATION_CONDITIONS = DEBUG;
				SWIFT_OPTIMIZATION_LEVEL = "-Onone";
			};
			name = Debug;
		};
		0C7B09C02795B45D00B72D89 /* Release */ = {
			isa = XCBuildConfiguration;
			buildSettings = {
				ALWAYS_SEARCH_USER_PATHS = NO;
				CLANG_ANALYZER_NONNULL = YES;
				CLANG_ANALYZER_NUMBER_OBJECT_CONVERSION = YES_AGGRESSIVE;
				CLANG_CXX_LANGUAGE_STANDARD = "gnu++17";
				CLANG_CXX_LIBRARY = "libc++";
				CLANG_ENABLE_MODULES = YES;
				CLANG_ENABLE_OBJC_ARC = YES;
				CLANG_ENABLE_OBJC_WEAK = YES;
				CLANG_WARN_BLOCK_CAPTURE_AUTORELEASING = YES;
				CLANG_WARN_BOOL_CONVERSION = YES;
				CLANG_WARN_COMMA = YES;
				CLANG_WARN_CONSTANT_CONVERSION = YES;
				CLANG_WARN_DEPRECATED_OBJC_IMPLEMENTATIONS = YES;
				CLANG_WARN_DIRECT_OBJC_ISA_USAGE = YES_ERROR;
				CLANG_WARN_DOCUMENTATION_COMMENTS = YES;
				CLANG_WARN_EMPTY_BODY = YES;
				CLANG_WARN_ENUM_CONVERSION = YES;
				CLANG_WARN_INFINITE_RECURSION = YES;
				CLANG_WARN_INT_CONVERSION = YES;
				CLANG_WARN_NON_LITERAL_NULL_CONVERSION = YES;
				CLANG_WARN_OBJC_IMPLICIT_RETAIN_SELF = YES;
				CLANG_WARN_OBJC_LITERAL_CONVERSION = YES;
				CLANG_WARN_OBJC_ROOT_CLASS = YES_ERROR;
				CLANG_WARN_QUOTED_INCLUDE_IN_FRAMEWORK_HEADER = YES;
				CLANG_WARN_RANGE_LOOP_ANALYSIS = YES;
				CLANG_WARN_STRICT_PROTOTYPES = YES;
				CLANG_WARN_SUSPICIOUS_MOVE = YES;
				CLANG_WARN_UNGUARDED_AVAILABILITY = YES_AGGRESSIVE;
				CLANG_WARN_UNREACHABLE_CODE = YES;
				CLANG_WARN__DUPLICATE_METHOD_MATCH = YES;
				COPY_PHASE_STRIP = NO;
				DEBUG_INFORMATION_FORMAT = "dwarf-with-dsym";
				ENABLE_NS_ASSERTIONS = NO;
				ENABLE_STRICT_OBJC_MSGSEND = YES;
				GCC_C_LANGUAGE_STANDARD = gnu11;
				GCC_NO_COMMON_BLOCKS = YES;
				GCC_WARN_64_TO_32_BIT_CONVERSION = YES;
				GCC_WARN_ABOUT_RETURN_TYPE = YES_ERROR;
				GCC_WARN_UNDECLARED_SELECTOR = YES;
				GCC_WARN_UNINITIALIZED_AUTOS = YES_AGGRESSIVE;
				GCC_WARN_UNUSED_FUNCTION = YES;
				GCC_WARN_UNUSED_VARIABLE = YES;
				IPHONEOS_DEPLOYMENT_TARGET = 15.2;
				MTL_ENABLE_DEBUG_INFO = NO;
				MTL_FAST_MATH = YES;
				SDKROOT = iphoneos;
				SWIFT_COMPILATION_MODE = wholemodule;
				SWIFT_OPTIMIZATION_LEVEL = "-O";
				VALIDATE_PRODUCT = YES;
			};
			name = Release;
		};
		0C7B09C22795B45D00B72D89 /* Debug */ = {
			isa = XCBuildConfiguration;
			buildSettings = {
				ASSETCATALOG_COMPILER_APPICON_NAME = AppIcon;
				ASSETCATALOG_COMPILER_GLOBAL_ACCENT_COLOR_NAME = AccentColor;
				CODE_SIGN_STYLE = Automatic;
				CURRENT_PROJECT_VERSION = 1;
				DEVELOPMENT_ASSET_PATHS = "\"ML/Preview Content\"";
				DEVELOPMENT_TEAM = 2BF2GNXT6R;
				ENABLE_PREVIEWS = YES;
				GENERATE_INFOPLIST_FILE = YES;
				INFOPLIST_KEY_UIApplicationSceneManifest_Generation = YES;
				INFOPLIST_KEY_UIApplicationSupportsIndirectInputEvents = YES;
				INFOPLIST_KEY_UILaunchScreen_Generation = YES;
				INFOPLIST_KEY_UISupportedInterfaceOrientations_iPad = "UIInterfaceOrientationPortrait UIInterfaceOrientationPortraitUpsideDown UIInterfaceOrientationLandscapeLeft UIInterfaceOrientationLandscapeRight";
				INFOPLIST_KEY_UISupportedInterfaceOrientations_iPhone = "UIInterfaceOrientationPortrait UIInterfaceOrientationLandscapeLeft UIInterfaceOrientationLandscapeRight";
				IPHONEOS_DEPLOYMENT_TARGET = 15.0;
				LD_RUNPATH_SEARCH_PATHS = (
					"$(inherited)",
					"@executable_path/Frameworks",
				);
				MARKETING_VERSION = 1.0;
				PRODUCT_BUNDLE_IDENTIFIER = com.Malsaleh.ML;
				PRODUCT_NAME = "$(TARGET_NAME)";
				SWIFT_EMIT_LOC_STRINGS = YES;
				SWIFT_VERSION = 5.0;
				TARGETED_DEVICE_FAMILY = "1,2";
			};
			name = Debug;
		};
		0C7B09C32795B45D00B72D89 /* Release */ = {
			isa = XCBuildConfiguration;
			buildSettings = {
				ASSETCATALOG_COMPILER_APPICON_NAME = AppIcon;
				ASSETCATALOG_COMPILER_GLOBAL_ACCENT_COLOR_NAME = AccentColor;
				CODE_SIGN_STYLE = Automatic;
				CURRENT_PROJECT_VERSION = 1;
				DEVELOPMENT_ASSET_PATHS = "\"ML/Preview Content\"";
				DEVELOPMENT_TEAM = 2BF2GNXT6R;
				ENABLE_PREVIEWS = YES;
				GENERATE_INFOPLIST_FILE = YES;
				INFOPLIST_KEY_UIApplicationSceneManifest_Generation = YES;
				INFOPLIST_KEY_UIApplicationSupportsIndirectInputEvents = YES;
				INFOPLIST_KEY_UILaunchScreen_Generation = YES;
				INFOPLIST_KEY_UISupportedInterfaceOrientations_iPad = "UIInterfaceOrientationPortrait UIInterfaceOrientationPortraitUpsideDown UIInterfaceOrientationLandscapeLeft UIInterfaceOrientationLandscapeRight";
				INFOPLIST_KEY_UISupportedInterfaceOrientations_iPhone = "UIInterfaceOrientationPortrait UIInterfaceOrientationLandscapeLeft UIInterfaceOrientationLandscapeRight";
				IPHONEOS_DEPLOYMENT_TARGET = 15.0;
				LD_RUNPATH_SEARCH_PATHS = (
					"$(inherited)",
					"@executable_path/Frameworks",
				);
				MARKETING_VERSION = 1.0;
				PRODUCT_BUNDLE_IDENTIFIER = com.Malsaleh.ML;
				PRODUCT_NAME = "$(TARGET_NAME)";
				SWIFT_EMIT_LOC_STRINGS = YES;
				SWIFT_VERSION = 5.0;
				TARGETED_DEVICE_FAMILY = "1,2";
			};
			name = Release;
		};
		0C7B09C52795B45D00B72D89 /* Debug */ = {
			isa = XCBuildConfiguration;
			buildSettings = {
				ALWAYS_EMBED_SWIFT_STANDARD_LIBRARIES = YES;
				BUNDLE_LOADER = "$(TEST_HOST)";
				CODE_SIGN_STYLE = Automatic;
				CURRENT_PROJECT_VERSION = 1;
				DEVELOPMENT_TEAM = 2BF2GNXT6R;
				GENERATE_INFOPLIST_FILE = YES;
				IPHONEOS_DEPLOYMENT_TARGET = 15.2;
				MARKETING_VERSION = 1.0;
				PRODUCT_BUNDLE_IDENTIFIER = com.Malsaleh.MLTests;
				PRODUCT_NAME = "$(TARGET_NAME)";
				SWIFT_EMIT_LOC_STRINGS = NO;
				SWIFT_VERSION = 5.0;
				TARGETED_DEVICE_FAMILY = "1,2";
				TEST_HOST = "$(BUILT_PRODUCTS_DIR)/ML.app/ML";
			};
			name = Debug;
		};
		0C7B09C62795B45D00B72D89 /* Release */ = {
			isa = XCBuildConfiguration;
			buildSettings = {
				ALWAYS_EMBED_SWIFT_STANDARD_LIBRARIES = YES;
				BUNDLE_LOADER = "$(TEST_HOST)";
				CODE_SIGN_STYLE = Automatic;
				CURRENT_PROJECT_VERSION = 1;
				DEVELOPMENT_TEAM = 2BF2GNXT6R;
				GENERATE_INFOPLIST_FILE = YES;
				IPHONEOS_DEPLOYMENT_TARGET = 15.2;
				MARKETING_VERSION = 1.0;
				PRODUCT_BUNDLE_IDENTIFIER = com.Malsaleh.MLTests;
				PRODUCT_NAME = "$(TARGET_NAME)";
				SWIFT_EMIT_LOC_STRINGS = NO;
				SWIFT_VERSION = 5.0;
				TARGETED_DEVICE_FAMILY = "1,2";
				TEST_HOST = "$(BUILT_PRODUCTS_DIR)/ML.app/ML";
			};
			name = Release;
		};
		0C7B09C82795B45D00B72D89 /* Debug */ = {
			isa = XCBuildConfiguration;
			buildSettings = {
				ALWAYS_EMBED_SWIFT_STANDARD_LIBRARIES = YES;
				CODE_SIGN_STYLE = Automatic;
				CURRENT_PROJECT_VERSION = 1;
				DEVELOPMENT_TEAM = 2BF2GNXT6R;
				GENERATE_INFOPLIST_FILE = YES;
				MARKETING_VERSION = 1.0;
				PRODUCT_BUNDLE_IDENTIFIER = com.Malsaleh.MLUITests;
				PRODUCT_NAME = "$(TARGET_NAME)";
				SWIFT_EMIT_LOC_STRINGS = NO;
				SWIFT_VERSION = 5.0;
				TARGETED_DEVICE_FAMILY = "1,2";
				TEST_TARGET_NAME = ML;
			};
			name = Debug;
		};
		0C7B09C92795B45D00B72D89 /* Release */ = {
			isa = XCBuildConfiguration;
			buildSettings = {
				ALWAYS_EMBED_SWIFT_STANDARD_LIBRARIES = YES;
				CODE_SIGN_STYLE = Automatic;
				CURRENT_PROJECT_VERSION = 1;
				DEVELOPMENT_TEAM = 2BF2GNXT6R;
				GENERATE_INFOPLIST_FILE = YES;
				MARKETING_VERSION = 1.0;
				PRODUCT_BUNDLE_IDENTIFIER = com.Malsaleh.MLUITests;
				PRODUCT_NAME = "$(TARGET_NAME)";
				SWIFT_EMIT_LOC_STRINGS = NO;
				SWIFT_VERSION = 5.0;
				TARGETED_DEVICE_FAMILY = "1,2";
				TEST_TARGET_NAME = ML;
			};
			name = Release;
		};
/* End XCBuildConfiguration section */

/* Begin XCConfigurationList section */
		0C7B09982795B42800B72D89 /* Build configuration list for PBXProject "ML" */ = {
			isa = XCConfigurationList;
			buildConfigurations = (
				0C7B09BF2795B45D00B72D89 /* Debug */,
				0C7B09C02795B45D00B72D89 /* Release */,
			);
			defaultConfigurationIsVisible = 0;
			defaultConfigurationName = Release;
		};
		0C7B09C12795B45D00B72D89 /* Build configuration list for PBXNativeTarget "ML" */ = {
			isa = XCConfigurationList;
			buildConfigurations = (
				0C7B09C22795B45D00B72D89 /* Debug */,
				0C7B09C32795B45D00B72D89 /* Release */,
			);
			defaultConfigurationIsVisible = 0;
			defaultConfigurationName = Release;
		};
		0C7B09C42795B45D00B72D89 /* Build configuration list for PBXNativeTarget "MLTests" */ = {
			isa = XCConfigurationList;
			buildConfigurations = (
				0C7B09C52795B45D00B72D89 /* Debug */,
				0C7B09C62795B45D00B72D89 /* Release */,
			);
			defaultConfigurationIsVisible = 0;
			defaultConfigurationName = Release;
		};
		0C7B09C72795B45D00B72D89 /* Build configuration list for PBXNativeTarget "MLUITests" */ = {
			isa = XCConfigurationList;
			buildConfigurations = (
				0C7B09C82795B45D00B72D89 /* Debug */,
				0C7B09C92795B45D00B72D89 /* Release */,
			);
			defaultConfigurationIsVisible = 0;
			defaultConfigurationName = Release;
		};
/* End XCConfigurationList section */
	};
	rootObject = 0C7B09952795B42800B72D89 /* Project object */;
}
